
Microsoft Visual Studio Solution File, Format Version 12.00
# Visual Studio Version 17
VisualStudioVersion = 17.5.002.0
MinimumVisualStudioVersion = 10.0.40219.1
Project("{9A19103F-16F7-4668-BE54-9A1E7A4F7556}") = "flights", "flights.csproj", "{5BEF18A3-81DD-459B-A4AC-40C487FC6817}"
EndProject
Global
	GlobalSection(SolutionConfigurationPlatforms) = preSolution
		Debug|Any CPU = Debug|Any CPU
		Release|Any CPU = Release|Any CPU
	EndGlobalSection
	GlobalSection(ProjectConfigurationPlatforms) = postSolution
		{5BEF18A3-81DD-459B-A4AC-40C487FC6817}.Debug|Any CPU.ActiveCfg = Debug|Any CPU
		{5BEF18A3-81DD-459B-A4AC-40C487FC6817}.Debug|Any CPU.Build.0 = Debug|Any CPU
		{5BEF18A3-81DD-459B-A4AC-40C487FC6817}.Release|Any CPU.ActiveCfg = Release|Any CPU
		{5BEF18A3-81DD-459B-A4AC-40C487FC6817}.Release|Any CPU.Build.0 = Release|Any CPU
	EndGlobalSection
	GlobalSection(SolutionProperties) = preSolution
		HideSolutionNode = FALSE
	EndGlobalSection
	GlobalSection(ExtensibilityGlobals) = postSolution
		SolutionGuid = {C850DEBE-8817-442A-A21D-B718423037C5}
	EndGlobalSection
EndGlobal
